<?xml version="1.0" encoding="utf-8"?>
<Project ToolsVersion="4.0" xmlns="http://schemas.microsoft.com/developer/msbuild/2003">
  <ItemGroup>
    <Filter Include="Source Files">
      <UniqueIdentifier>{4FC737F1-C7A5-4376-A066-2A32D752A2FF}</UniqueIdentifier>
      <Extensions>cpp;c;cc;cxx;def;odl;idl;hpj;bat;asm;asmx</Extensions>
    </Filter>
    <Filter Include="Header Files">
      <UniqueIdentifier>{93995380-89BD-4b04-88EB-625FBE52EBFB}</UniqueIdentifier>
      <Extensions>h;hh;hpp;hxx;hm;inl;inc;ipp;xsd</Extensions>
    </Filter>
    <Filter Include="Resource Files">
      <UniqueIdentifier>{67DA6AB6-F800-4c08-8B7A-83BB121AAD01}</UniqueIdentifier>
      <Extensions>rc;ico;cur;bmp;dlg;rc2;rct;bin;rgs;gif;jpg;jpeg;jpe;resx;tiff;tif;png;wav;mfcribbon-ms</Extensions>
    </Filter>
    <Filter Include="Source Files\Devices">
      <UniqueIdentifier>{8575ebbb-ddf5-42b3-b68c-0eee2388dc58}</UniqueIdentifier>
    </Filter>
    <Filter Include="Header Files\Devices">
      <UniqueIdentifier>{37826120-fcda-4bd3-bf37-eee95092ce69}</UniqueIdentifier>
    </Filter>
    <Filter Include="Header Files\ProblemInstances">
      <UniqueIdentifier>{170db41d-4ad8-4f95-8afd-52947359ea6b}</UniqueIdentifier>
    </Filter>
  </ItemGroup>
  <ItemGroup>
    <ClCompile Include="1D_FDTD.cpp">
      <Filter>Source Files</Filter>
    </ClCompile>
    <ClCompile Include="Device.cpp">
      <Filter>Source Files\Devices</Filter>
    </ClCompile>
    <ClCompile Include="FDTD_engine.cpp">
      <Filter>Source Files</Filter>
    </ClCompile>
    <ClCompile Include="Utilities.cpp">
      <Filter>Source Files</Filter>
    </ClCompile>
    <ClCompile Include="Slab.cpp">
      <Filter>Source Files\Devices</Filter>
    </ClCompile>
    <ClCompile Include="BraggGrating.cpp">
      <Filter>Source Files\Devices</Filter>
    </ClCompile>
  </ItemGroup>
  <ItemGroup>
    <ClInclude Include="Device.h">
      <Filter>Header Files\Devices</Filter>
    </ClInclude>
    <ClInclude Include="Utilities.h">
      <Filter>Header Files</Filter>
    </ClInclude>
    <ClInclude Include="FDTD_engine.h">
      <Filter>Header Files</Filter>
    </ClInclude>
    <ClInclude Include="Slab.h">
      <Filter>Header Files\Devices</Filter>
    </ClInclude>
    <ClInclude Include="SlabProblemInstance.h">
      <Filter>Header Files\ProblemInstances</Filter>
    </ClInclude>
    <ClInclude Include="BraggGratingProblemInstance.h">
      <Filter>Header Files\ProblemInstances</Filter>
    </ClInclude>
    <ClInclude Include="BraggGrating.h">
      <Filter>Header Files\Devices</Filter>
    </ClInclude>
    <ClInclude Include="ProblemInstanceIncludes.h">
      <Filter>Header Files\ProblemInstances</Filter>
    </ClInclude>
    <ClInclude Include="ProblemInstance.h">
      <Filter>Header Files\ProblemInstances</Filter>
    </ClInclude>
  </ItemGroup>
  <ItemGroup>
    <Natvis Include="..\..\..\Eigen\eigen\debug\msvc\eigen.natvis" />
  </ItemGroup>
</Project>